
Microsoft Visual Studio Solution File, Format Version 12.00
# Visual Studio 2015
Project("{FAE04EC0-301F-11D3-BF4B-00C04F79EFBC}") = "Gradient.CSharp", "Gradient.CSharp.csproj", "{A7335895-D634-927D-381B-7E9068250E19}"
EndProject
Project("{FAE04EC0-301F-11D3-BF4B-00C04F79EFBC}") = "Gradient.CSharp.Editor", "Gradient.CSharp.Editor.csproj", "{07214AFA-FFAC-DF29-18D2-8BF00BBC4414}"
EndProject
Global
	GlobalSection(SolutionConfigurationPlatforms) = preSolution
		Debug|Any CPU = Debug|Any CPU
		Release|Any CPU = Release|Any CPU
	EndGlobalSection
	GlobalSection(ProjectConfigurationPlatforms) = postSolution
		{A7335895-D634-927D-381B-7E9068250E19}.Debug|Any CPU.ActiveCfg = Debug|Any CPU
		{A7335895-D634-927D-381B-7E9068250E19}.Debug|Any CPU.Build.0 = Debug|Any CPU
		{A7335895-D634-927D-381B-7E9068250E19}.Release|Any CPU.ActiveCfg = Release|Any CPU
		{A7335895-D634-927D-381B-7E9068250E19}.Release|Any CPU.Build.0 = Release|Any CPU
		{07214AFA-FFAC-DF29-18D2-8BF00BBC4414}.Debug|Any CPU.ActiveCfg = Debug|Any CPU
		{07214AFA-FFAC-DF29-18D2-8BF00BBC4414}.Debug|Any CPU.Build.0 = Debug|Any CPU
		{07214AFA-FFAC-DF29-18D2-8BF00BBC4414}.Release|Any CPU.ActiveCfg = Release|Any CPU
		{07214AFA-FFAC-DF29-18D2-8BF00BBC4414}.Release|Any CPU.Build.0 = Release|Any CPU
	EndGlobalSection
	GlobalSection(SolutionProperties) = preSolution
		HideSolutionNode = FALSE
	EndGlobalSection
EndGlobal
